
Microsoft Visual Studio Solution File, Format Version 12.00
# Visual Studio Version 16
VisualStudioVersion = 16.0.31729.503
MinimumVisualStudioVersion = 10.0.40219.1
Project("{8BC9CEB8-8B4A-11D0-8D11-00A0C91BC942}") = "NostaleLogin", "NostaleLogin\NostaleLogin.vcxproj", "{EC80D206-82D3-47BC-8199-963C3E21212C}"
EndProject
Global
	GlobalSection(SolutionConfigurationPlatforms) = preSolution
		Debug|x64 = Debug|x64
		Debug|x86 = Debug|x86
		Release|x64 = Release|x64
		Release|x86 = Release|x86
	EndGlobalSection
	GlobalSection(ProjectConfigurationPlatforms) = postSolution
		{EC80D206-82D3-47BC-8199-963C3E21212C}.Debug|x64.ActiveCfg = Debug|x64
		{EC80D206-82D3-47BC-8199-963C3E21212C}.Debug|x64.Build.0 = Debug|x64
		{EC80D206-82D3-47BC-8199-963C3E21212C}.Debug|x86.ActiveCfg = Debug|Win32
		{EC80D206-82D3-47BC-8199-963C3E21212C}.Debug|x86.Build.0 = Debug|Win32
		{EC80D206-82D3-47BC-8199-963C3E21212C}.Release|x64.ActiveCfg = Release|x64
		{EC80D206-82D3-47BC-8199-963C3E21212C}.Release|x64.Build.0 = Release|x64
		{EC80D206-82D3-47BC-8199-963C3E21212C}.Release|x86.ActiveCfg = Release|Win32
		{EC80D206-82D3-47BC-8199-963C3E21212C}.Release|x86.Build.0 = Release|Win32
	EndGlobalSection
	GlobalSection(SolutionProperties) = preSolution
		HideSolutionNode = FALSE
	EndGlobalSection
	GlobalSection(ExtensibilityGlobals) = postSolution
		SolutionGuid = {EC84D769-54A6-49FF-9D84-20D1BF23FCA3}
	EndGlobalSection
EndGlobal
